// !$*UTF8*$!
{
	archiveVersion = 1;
	classes = {
	};
	objectVersion = 46;
	objects = {

/* Begin PBXBuildFile section */
		65A2E5B3160E55B600AED646 /* UIKit.framework in Frameworks */ = {isa = PBXBuildFile; fileRef = 65A2E5B2160E55B600AED646 /* UIKit.framework */; };
		65A2E5B5160E55B600AED646 /* Foundation.framework in Frameworks */ = {isa = PBXBuildFile; fileRef = 65A2E5B4160E55B600AED646 /* Foundation.framework */; };
		65A2E5B7160E55B600AED646 /* CoreGraphics.framework in Frameworks */ = {isa = PBXBuildFile; fileRef = 65A2E5B6160E55B600AED646 /* CoreGraphics.framework */; };
		65A2E5BD160E55B600AED646 /* InfoPlist.strings in Resources */ = {isa = PBXBuildFile; fileRef = 65A2E5BB160E55B600AED646 /* InfoPlist.strings */; };
		65A2E5BF160E55B600AED646 /* main.m in Sources */ = {isa = PBXBuildFile; fileRef = 65A2E5BE160E55B600AED646 /* main.m */; };
		65A2E5C3160E55B600AED646 /* PMAppDelegate.m in Sources */ = {isa = PBXBuildFile; fileRef = 65A2E5C2160E55B600AED646 /* PMAppDelegate.m */; };
		65A2E5C6160E55B600AED646 /* MainStoryboard.storyboard in Resources */ = {isa = PBXBuildFile; fileRef = 65A2E5C4160E55B600AED646 /* MainStoryboard.storyboard */; };
		65A2E5C9160E55B600AED646 /* PMViewController.m in Sources */ = {isa = PBXBuildFile; fileRef = 65A2E5C8160E55B600AED646 /* PMViewController.m */; };
		65A2E5D1160E55B600AED646 /* SenTestingKit.framework in Frameworks */ = {isa = PBXBuildFile; fileRef = 65A2E5D0160E55B600AED646 /* SenTestingKit.framework */; };
		65A2E5D2160E55B600AED646 /* UIKit.framework in Frameworks */ = {isa = PBXBuildFile; fileRef = 65A2E5B2160E55B600AED646 /* UIKit.framework */; };
		65A2E5D3160E55B600AED646 /* Foundation.framework in Frameworks */ = {isa = PBXBuildFile; fileRef = 65A2E5B4160E55B600AED646 /* Foundation.framework */; };
		65A2E5DB160E55B600AED646 /* InfoPlist.strings in Resources */ = {isa = PBXBuildFile; fileRef = 65A2E5D9160E55B600AED646 /* InfoPlist.strings */; };
		65A2E5DE160E55B600AED646 /* PACMachineTests.m in Sources */ = {isa = PBXBuildFile; fileRef = 65A2E5DD160E55B600AED646 /* PACMachineTests.m */; };
		65A2E5E9160E562F00AED646 /* PMCategorySelectViewController.m in Sources */ = {isa = PBXBuildFile; fileRef = 65A2E5E8160E562F00AED646 /* PMCategorySelectViewController.m */; };
		65A2E5EE160E5E2700AED646 /* atm_2_Page_1.jpg in Resources */ = {isa = PBXBuildFile; fileRef = 65A2E5EA160E5E2700AED646 /* atm_2_Page_1.jpg */; };
		65A2E5EF160E5E2700AED646 /* atm_2_Page_2.jpg in Resources */ = {isa = PBXBuildFile; fileRef = 65A2E5EB160E5E2700AED646 /* atm_2_Page_2.jpg */; };
		65A2E5F0160E5E2700AED646 /* atm_2_Page_3.jpg in Resources */ = {isa = PBXBuildFile; fileRef = 65A2E5EC160E5E2700AED646 /* atm_2_Page_3.jpg */; };
		65A2E5F1160E5E2700AED646 /* atm_2_Page_4.jpg in Resources */ = {isa = PBXBuildFile; fileRef = 65A2E5ED160E5E2700AED646 /* atm_2_Page_4.jpg */; };
		65A2E5F4160E601500AED646 /* PMDonateViewController.m in Sources */ = {isa = PBXBuildFile; fileRef = 65A2E5F3160E601500AED646 /* PMDonateViewController.m */; };
		65A2E5F7160E605800AED646 /* PMLobbyistDonatedViewController.m in Sources */ = {isa = PBXBuildFile; fileRef = 65A2E5F6160E605800AED646 /* PMLobbyistDonatedViewController.m */; };
		65A2E5FA160E607500AED646 /* PMPersonDonatedViewController.m in Sources */ = {isa = PBXBuildFile; fileRef = 65A2E5F9160E607500AED646 /* PMPersonDonatedViewController.m */; };
		65A2E602160E827C00AED646 /* atm_2_Page_5.jpg in Resources */ = {isa = PBXBuildFile; fileRef = 65A2E601160E827C00AED646 /* atm_2_Page_5.jpg */; };
		65A2E605160F5B6400AED646 /* PMResultsViewController.m in Sources */ = {isa = PBXBuildFile; fileRef = 65A2E604160F5B6400AED646 /* PMResultsViewController.m */; };
/* End PBXBuildFile section */

/* Begin PBXContainerItemProxy section */
		65A2E5D4160E55B600AED646 /* PBXContainerItemProxy */ = {
			isa = PBXContainerItemProxy;
			containerPortal = 65A2E5A5160E55B600AED646 /* Project object */;
			proxyType = 1;
			remoteGlobalIDString = 65A2E5AD160E55B600AED646;
			remoteInfo = PACMachine;
		};
/* End PBXContainerItemProxy section */

/* Begin PBXFileReference section */
		65A2E5AE160E55B600AED646 /* PACMachine.app */ = {isa = PBXFileReference; explicitFileType = wrapper.application; includeInIndex = 0; path = PACMachine.app; sourceTree = BUILT_PRODUCTS_DIR; };
		65A2E5B2160E55B600AED646 /* UIKit.framework */ = {isa = PBXFileReference; lastKnownFileType = wrapper.framework; name = UIKit.framework; path = System/Library/Frameworks/UIKit.framework; sourceTree = SDKROOT; };
		65A2E5B4160E55B600AED646 /* Foundation.framework */ = {isa = PBXFileReference; lastKnownFileType = wrapper.framework; name = Foundation.framework; path = System/Library/Frameworks/Foundation.framework; sourceTree = SDKROOT; };
		65A2E5B6160E55B600AED646 /* CoreGraphics.framework */ = {isa = PBXFileReference; lastKnownFileType = wrapper.framework; name = CoreGraphics.framework; path = System/Library/Frameworks/CoreGraphics.framework; sourceTree = SDKROOT; };
		65A2E5BA160E55B600AED646 /* PACMachine-Info.plist */ = {isa = PBXFileReference; lastKnownFileType = text.plist.xml; path = "PACMachine-Info.plist"; sourceTree = "<group>"; };
		65A2E5BC160E55B600AED646 /* en */ = {isa = PBXFileReference; lastKnownFileType = text.plist.strings; name = en; path = en.lproj/InfoPlist.strings; sourceTree = "<group>"; };
		65A2E5BE160E55B600AED646 /* main.m */ = {isa = PBXFileReference; lastKnownFileType = sourcecode.c.objc; path = main.m; sourceTree = "<group>"; };
		65A2E5C0160E55B600AED646 /* PACMachine-Prefix.pch */ = {isa = PBXFileReference; lastKnownFileType = sourcecode.c.h; path = "PACMachine-Prefix.pch"; sourceTree = "<group>"; };
		65A2E5C1160E55B600AED646 /* PMAppDelegate.h */ = {isa = PBXFileReference; lastKnownFileType = sourcecode.c.h; path = PMAppDelegate.h; sourceTree = "<group>"; };
		65A2E5C2160E55B600AED646 /* PMAppDelegate.m */ = {isa = PBXFileReference; lastKnownFileType = sourcecode.c.objc; path = PMAppDelegate.m; sourceTree = "<group>"; };
		65A2E5C5160E55B600AED646 /* en */ = {isa = PBXFileReference; lastKnownFileType = file.storyboard; name = en; path = en.lproj/MainStoryboard.storyboard; sourceTree = "<group>"; };
		65A2E5C7160E55B600AED646 /* PMViewController.h */ = {isa = PBXFileReference; lastKnownFileType = sourcecode.c.h; path = PMViewController.h; sourceTree = "<group>"; };
		65A2E5C8160E55B600AED646 /* PMViewController.m */ = {isa = PBXFileReference; lastKnownFileType = sourcecode.c.objc; path = PMViewController.m; sourceTree = "<group>"; };
		65A2E5CF160E55B600AED646 /* PACMachineTests.octest */ = {isa = PBXFileReference; explicitFileType = wrapper.cfbundle; includeInIndex = 0; path = PACMachineTests.octest; sourceTree = BUILT_PRODUCTS_DIR; };
		65A2E5D0160E55B600AED646 /* SenTestingKit.framework */ = {isa = PBXFileReference; lastKnownFileType = wrapper.framework; name = SenTestingKit.framework; path = Library/Frameworks/SenTestingKit.framework; sourceTree = DEVELOPER_DIR; };
		65A2E5D8160E55B600AED646 /* PACMachineTests-Info.plist */ = {isa = PBXFileReference; lastKnownFileType = text.plist.xml; path = "PACMachineTests-Info.plist"; sourceTree = "<group>"; };
		65A2E5DA160E55B600AED646 /* en */ = {isa = PBXFileReference; lastKnownFileType = text.plist.strings; name = en; path = en.lproj/InfoPlist.strings; sourceTree = "<group>"; };
		65A2E5DC160E55B600AED646 /* PACMachineTests.h */ = {isa = PBXFileReference; lastKnownFileType = sourcecode.c.h; path = PACMachineTests.h; sourceTree = "<group>"; };
		65A2E5DD160E55B600AED646 /* PACMachineTests.m */ = {isa = PBXFileReference; lastKnownFileType = sourcecode.c.objc; path = PACMachineTests.m; sourceTree = "<group>"; };
		65A2E5E7160E562F00AED646 /* PMCategorySelectViewController.h */ = {isa = PBXFileReference; fileEncoding = 4; lastKnownFileType = sourcecode.c.h; path = PMCategorySelectViewController.h; sourceTree = "<group>"; };
		65A2E5E8160E562F00AED646 /* PMCategorySelectViewController.m */ = {isa = PBXFileReference; fileEncoding = 4; lastKnownFileType = sourcecode.c.objc; path = PMCategorySelectViewController.m; sourceTree = "<group>"; };
		65A2E5EA160E5E2700AED646 /* atm_2_Page_1.jpg */ = {isa = PBXFileReference; lastKnownFileType = image.jpeg; path = atm_2_Page_1.jpg; sourceTree = "<group>"; };
		65A2E5EB160E5E2700AED646 /* atm_2_Page_2.jpg */ = {isa = PBXFileReference; lastKnownFileType = image.jpeg; path = atm_2_Page_2.jpg; sourceTree = "<group>"; };
		65A2E5EC160E5E2700AED646 /* atm_2_Page_3.jpg */ = {isa = PBXFileReference; lastKnownFileType = image.jpeg; path = atm_2_Page_3.jpg; sourceTree = "<group>"; };
		65A2E5ED160E5E2700AED646 /* atm_2_Page_4.jpg */ = {isa = PBXFileReference; lastKnownFileType = image.jpeg; path = atm_2_Page_4.jpg; sourceTree = "<group>"; };
		65A2E5F2160E601500AED646 /* PMDonateViewController.h */ = {isa = PBXFileReference; fileEncoding = 4; lastKnownFileType = sourcecode.c.h; path = PMDonateViewController.h; sourceTree = "<group>"; };
		65A2E5F3160E601500AED646 /* PMDonateViewController.m */ = {isa = PBXFileReference; fileEncoding = 4; lastKnownFileType = sourcecode.c.objc; path = PMDonateViewController.m; sourceTree = "<group>"; };
		65A2E5F5160E605800AED646 /* PMLobbyistDonatedViewController.h */ = {isa = PBXFileReference; fileEncoding = 4; lastKnownFileType = sourcecode.c.h; path = PMLobbyistDonatedViewController.h; sourceTree = "<group>"; };
		65A2E5F6160E605800AED646 /* PMLobbyistDonatedViewController.m */ = {isa = PBXFileReference; fileEncoding = 4; lastKnownFileType = sourcecode.c.objc; path = PMLobbyistDonatedViewController.m; sourceTree = "<group>"; };
		65A2E5F8160E607500AED646 /* PMPersonDonatedViewController.h */ = {isa = PBXFileReference; fileEncoding = 4; lastKnownFileType = sourcecode.c.h; path = PMPersonDonatedViewController.h; sourceTree = "<group>"; };
		65A2E5F9160E607500AED646 /* PMPersonDonatedViewController.m */ = {isa = PBXFileReference; fileEncoding = 4; lastKnownFileType = sourcecode.c.objc; path = PMPersonDonatedViewController.m; sourceTree = "<group>"; };
		65A2E601160E827C00AED646 /* atm_2_Page_5.jpg */ = {isa = PBXFileReference; lastKnownFileType = image.jpeg; path = atm_2_Page_5.jpg; sourceTree = "<group>"; };
		65A2E603160F5B6400AED646 /* PMResultsViewController.h */ = {isa = PBXFileReference; fileEncoding = 4; lastKnownFileType = sourcecode.c.h; path = PMResultsViewController.h; sourceTree = "<group>"; };
		65A2E604160F5B6400AED646 /* PMResultsViewController.m */ = {isa = PBXFileReference; fileEncoding = 4; lastKnownFileType = sourcecode.c.objc; path = PMResultsViewController.m; sourceTree = "<group>"; };
/* End PBXFileReference section */

/* Begin PBXFrameworksBuildPhase section */
		65A2E5AB160E55B600AED646 /* Frameworks */ = {
			isa = PBXFrameworksBuildPhase;
			buildActionMask = 2147483647;
			files = (
				65A2E5B3160E55B600AED646 /* UIKit.framework in Frameworks */,
				65A2E5B5160E55B600AED646 /* Foundation.framework in Frameworks */,
				65A2E5B7160E55B600AED646 /* CoreGraphics.framework in Frameworks */,
			);
			runOnlyForDeploymentPostprocessing = 0;
		};
		65A2E5CB160E55B600AED646 /* Frameworks */ = {
			isa = PBXFrameworksBuildPhase;
			buildActionMask = 2147483647;
			files = (
				65A2E5D1160E55B600AED646 /* SenTestingKit.framework in Frameworks */,
				65A2E5D2160E55B600AED646 /* UIKit.framework in Frameworks */,
				65A2E5D3160E55B600AED646 /* Foundation.framework in Frameworks */,
			);
			runOnlyForDeploymentPostprocessing = 0;
		};
/* End PBXFrameworksBuildPhase section */

/* Begin PBXGroup section */
		65A2E5A3160E55B600AED646 = {
			isa = PBXGroup;
			children = (
				65A2E5B8160E55B600AED646 /* PACMachine */,
				65A2E5D6160E55B600AED646 /* PACMachineTests */,
				65A2E5B1160E55B600AED646 /* Frameworks */,
				65A2E5AF160E55B600AED646 /* Products */,
			);
			sourceTree = "<group>";
		};
		65A2E5AF160E55B600AED646 /* Products */ = {
			isa = PBXGroup;
			children = (
				65A2E5AE160E55B600AED646 /* PACMachine.app */,
				65A2E5CF160E55B600AED646 /* PACMachineTests.octest */,
			);
			name = Products;
			sourceTree = "<group>";
		};
		65A2E5B1160E55B600AED646 /* Frameworks */ = {
			isa = PBXGroup;
			children = (
				65A2E5B2160E55B600AED646 /* UIKit.framework */,
				65A2E5B4160E55B600AED646 /* Foundation.framework */,
				65A2E5B6160E55B600AED646 /* CoreGraphics.framework */,
				65A2E5D0160E55B600AED646 /* SenTestingKit.framework */,
			);
			name = Frameworks;
			sourceTree = "<group>";
		};
		65A2E5B8160E55B600AED646 /* PACMachine */ = {
			isa = PBXGroup;
			children = (
				65A2E5C1160E55B600AED646 /* PMAppDelegate.h */,
				65A2E5C2160E55B600AED646 /* PMAppDelegate.m */,
				65A2E5C4160E55B600AED646 /* MainStoryboard.storyboard */,
				65A2E5F8160E607500AED646 /* PMPersonDonatedViewController.h */,
				65A2E5F9160E607500AED646 /* PMPersonDonatedViewController.m */,
				65A2E603160F5B6400AED646 /* PMResultsViewController.h */,
				65A2E604160F5B6400AED646 /* PMResultsViewController.m */,
				65A2E601160E827C00AED646 /* atm_2_Page_5.jpg */,
				65A2E5F5160E605800AED646 /* PMLobbyistDonatedViewController.h */,
				65A2E5F6160E605800AED646 /* PMLobbyistDonatedViewController.m */,
				65A2E5F2160E601500AED646 /* PMDonateViewController.h */,
				65A2E5F3160E601500AED646 /* PMDonateViewController.m */,
				65A2E5EA160E5E2700AED646 /* atm_2_Page_1.jpg */,
				65A2E5EB160E5E2700AED646 /* atm_2_Page_2.jpg */,
				65A2E5EC160E5E2700AED646 /* atm_2_Page_3.jpg */,
				65A2E5ED160E5E2700AED646 /* atm_2_Page_4.jpg */,
				65A2E5E7160E562F00AED646 /* PMCategorySelectViewController.h */,
				65A2E5E8160E562F00AED646 /* PMCategorySelectViewController.m */,
				65A2E5C7160E55B600AED646 /* PMViewController.h */,
				65A2E5C8160E55B600AED646 /* PMViewController.m */,
				65A2E5B9160E55B600AED646 /* Supporting Files */,
			);
			path = PACMachine;
			sourceTree = "<group>";
		};
		65A2E5B9160E55B600AED646 /* Supporting Files */ = {
			isa = PBXGroup;
			children = (
				65A2E5BA160E55B600AED646 /* PACMachine-Info.plist */,
				65A2E5BB160E55B600AED646 /* InfoPlist.strings */,
				65A2E5BE160E55B600AED646 /* main.m */,
				65A2E5C0160E55B600AED646 /* PACMachine-Prefix.pch */,
			);
			name = "Supporting Files";
			sourceTree = "<group>";
		};
		65A2E5D6160E55B600AED646 /* PACMachineTests */ = {
			isa = PBXGroup;
			children = (
				65A2E5DC160E55B600AED646 /* PACMachineTests.h */,
				65A2E5DD160E55B600AED646 /* PACMachineTests.m */,
				65A2E5D7160E55B600AED646 /* Supporting Files */,
			);
			path = PACMachineTests;
			sourceTree = "<group>";
		};
		65A2E5D7160E55B600AED646 /* Supporting Files */ = {
			isa = PBXGroup;
			children = (
				65A2E5D8160E55B600AED646 /* PACMachineTests-Info.plist */,
				65A2E5D9160E55B600AED646 /* InfoPlist.strings */,
			);
			name = "Supporting Files";
			sourceTree = "<group>";
		};
/* End PBXGroup section */

/* Begin PBXNativeTarget section */
		65A2E5AD160E55B600AED646 /* PACMachine */ = {
			isa = PBXNativeTarget;
			buildConfigurationList = 65A2E5E1160E55B600AED646 /* Build configuration list for PBXNativeTarget "PACMachine" */;
			buildPhases = (
				65A2E5AA160E55B600AED646 /* Sources */,
				65A2E5AB160E55B600AED646 /* Frameworks */,
				65A2E5AC160E55B600AED646 /* Resources */,
			);
			buildRules = (
			);
			dependencies = (
			);
			name = PACMachine;
			productName = PACMachine;
			productReference = 65A2E5AE160E55B600AED646 /* PACMachine.app */;
			productType = "com.apple.product-type.application";
		};
		65A2E5CE160E55B600AED646 /* PACMachineTests */ = {
			isa = PBXNativeTarget;
			buildConfigurationList = 65A2E5E4160E55B600AED646 /* Build configuration list for PBXNativeTarget "PACMachineTests" */;
			buildPhases = (
				65A2E5CA160E55B600AED646 /* Sources */,
				65A2E5CB160E55B600AED646 /* Frameworks */,
				65A2E5CC160E55B600AED646 /* Resources */,
				65A2E5CD160E55B600AED646 /* ShellScript */,
			);
			buildRules = (
			);
			dependencies = (
				65A2E5D5160E55B600AED646 /* PBXTargetDependency */,
			);
			name = PACMachineTests;
			productName = PACMachineTests;
			productReference = 65A2E5CF160E55B600AED646 /* PACMachineTests.octest */;
			productType = "com.apple.product-type.bundle";
		};
/* End PBXNativeTarget section */

/* Begin PBXProject section */
		65A2E5A5160E55B600AED646 /* Project object */ = {
			isa = PBXProject;
			attributes = {
				CLASSPREFIX = PM;
				LastUpgradeCheck = 0440;
				ORGANIZATIONNAME = ArtHack;
			};
			buildConfigurationList = 65A2E5A8160E55B600AED646 /* Build configuration list for PBXProject "PACMachine" */;
			compatibilityVersion = "Xcode 3.2";
			developmentRegion = English;
			hasScannedForEncodings = 0;
			knownRegions = (
				en,
			);
			mainGroup = 65A2E5A3160E55B600AED646;
			productRefGroup = 65A2E5AF160E55B600AED646 /* Products */;
			projectDirPath = "";
			projectRoot = "";
			targets = (
				65A2E5AD160E55B600AED646 /* PACMachine */,
				65A2E5CE160E55B600AED646 /* PACMachineTests */,
			);
		};
/* End PBXProject section */

/* Begin PBXResourcesBuildPhase section */
		65A2E5AC160E55B600AED646 /* Resources */ = {
			isa = PBXResourcesBuildPhase;
			buildActionMask = 2147483647;
			files = (
				65A2E5BD160E55B600AED646 /* InfoPlist.strings in Resources */,
				65A2E5C6160E55B600AED646 /* MainStoryboard.storyboard in Resources */,
				65A2E5EE160E5E2700AED646 /* atm_2_Page_1.jpg in Resources */,
				65A2E5EF160E5E2700AED646 /* atm_2_Page_2.jpg in Resources */,
				65A2E5F0160E5E2700AED646 /* atm_2_Page_3.jpg in Resources */,
				65A2E5F1160E5E2700AED646 /* atm_2_Page_4.jpg in Resources */,
				65A2E602160E827C00AED646 /* atm_2_Page_5.jpg in Resources */,
			);
			runOnlyForDeploymentPostprocessing = 0;
		};
		65A2E5CC160E55B600AED646 /* Resources */ = {
			isa = PBXResourcesBuildPhase;
			buildActionMask = 2147483647;
			files = (
				65A2E5DB160E55B600AED646 /* InfoPlist.strings in Resources */,
			);
			runOnlyForDeploymentPostprocessing = 0;
		};
/* End PBXResourcesBuildPhase section */

/* Begin PBXShellScriptBuildPhase section */
		65A2E5CD160E55B600AED646 /* ShellScript */ = {
			isa = PBXShellScriptBuildPhase;
			buildActionMask = 2147483647;
			files = (
			);
			inputPaths = (
			);
			outputPaths = (
			);
			runOnlyForDeploymentPostprocessing = 0;
			shellPath = /bin/sh;
			shellScript = "# Run the unit tests in this test bundle.\n\"${SYSTEM_DEVELOPER_DIR}/Tools/RunUnitTests\"\n";
		};
/* End PBXShellScriptBuildPhase section */

/* Begin PBXSourcesBuildPhase section */
		65A2E5AA160E55B600AED646 /* Sources */ = {
			isa = PBXSourcesBuildPhase;
			buildActionMask = 2147483647;
			files = (
				65A2E5BF160E55B600AED646 /* main.m in Sources */,
				65A2E5C3160E55B600AED646 /* PMAppDelegate.m in Sources */,
				65A2E5C9160E55B600AED646 /* PMViewController.m in Sources */,
				65A2E5E9160E562F00AED646 /* PMCategorySelectViewController.m in Sources */,
				65A2E5F4160E601500AED646 /* PMDonateViewController.m in Sources */,
				65A2E5F7160E605800AED646 /* PMLobbyistDonatedViewController.m in Sources */,
				65A2E5FA160E607500AED646 /* PMPersonDonatedViewController.m in Sources */,
				65A2E605160F5B6400AED646 /* PMResultsViewController.m in Sources */,
			);
			runOnlyForDeploymentPostprocessing = 0;
		};
		65A2E5CA160E55B600AED646 /* Sources */ = {
			isa = PBXSourcesBuildPhase;
			buildActionMask = 2147483647;
			files = (
				65A2E5DE160E55B600AED646 /* PACMachineTests.m in Sources */,
			);
			runOnlyForDeploymentPostprocessing = 0;
		};
/* End PBXSourcesBuildPhase section */

/* Begin PBXTargetDependency section */
		65A2E5D5160E55B600AED646 /* PBXTargetDependency */ = {
			isa = PBXTargetDependency;
			target = 65A2E5AD160E55B600AED646 /* PACMachine */;
			targetProxy = 65A2E5D4160E55B600AED646 /* PBXContainerItemProxy */;
		};
/* End PBXTargetDependency section */

/* Begin PBXVariantGroup section */
		65A2E5BB160E55B600AED646 /* InfoPlist.strings */ = {
			isa = PBXVariantGroup;
			children = (
				65A2E5BC160E55B600AED646 /* en */,
			);
			name = InfoPlist.strings;
			sourceTree = "<group>";
		};
		65A2E5C4160E55B600AED646 /* MainStoryboard.storyboard */ = {
			isa = PBXVariantGroup;
			children = (
				65A2E5C5160E55B600AED646 /* en */,
			);
			name = MainStoryboard.storyboard;
			sourceTree = "<group>";
		};
		65A2E5D9160E55B600AED646 /* InfoPlist.strings */ = {
			isa = PBXVariantGroup;
			children = (
				65A2E5DA160E55B600AED646 /* en */,
			);
			name = InfoPlist.strings;
			sourceTree = "<group>";
		};
/* End PBXVariantGroup section */

/* Begin XCBuildConfiguration section */
		65A2E5DF160E55B600AED646 /* Debug */ = {
			isa = XCBuildConfiguration;
			buildSettings = {
				ALWAYS_SEARCH_USER_PATHS = NO;
				ARCHS = "$(ARCHS_STANDARD_32_BIT)";
				CLANG_CXX_LANGUAGE_STANDARD = "gnu++0x";
				CLANG_ENABLE_OBJC_ARC = YES;
				CLANG_WARN__DUPLICATE_METHOD_MATCH = YES;
				"CODE_SIGN_IDENTITY[sdk=iphoneos*]" = "iPhone Developer";
				COPY_PHASE_STRIP = NO;
				GCC_C_LANGUAGE_STANDARD = gnu99;
				GCC_DYNAMIC_NO_PIC = NO;
				GCC_OPTIMIZATION_LEVEL = 0;
				GCC_PREPROCESSOR_DEFINITIONS = (
					"DEBUG=1",
					"$(inherited)",
				);
				GCC_SYMBOLS_PRIVATE_EXTERN = NO;
				GCC_VERSION = com.apple.compilers.llvm.clang.1_0;
				GCC_WARN_ABOUT_RETURN_TYPE = YES;
				GCC_WARN_UNINITIALIZED_AUTOS = YES;
				GCC_WARN_UNUSED_VARIABLE = YES;
				IPHONEOS_DEPLOYMENT_TARGET = 5.1;
				SDKROOT = iphoneos;
				TARGETED_DEVICE_FAMILY = 2;
			};
			name = Debug;
		};
		65A2E5E0160E55B600AED646 /* Release */ = {
			isa = XCBuildConfiguration;
			buildSettings = {
				ALWAYS_SEARCH_USER_PATHS = NO;
				ARCHS = "$(ARCHS_STANDARD_32_BIT)";
				CLANG_CXX_LANGUAGE_STANDARD = "gnu++0x";
				CLANG_ENABLE_OBJC_ARC = YES;
				CLANG_WARN__DUPLICATE_METHOD_MATCH = YES;
				"CODE_SIGN_IDENTITY[sdk=iphoneos*]" = "iPhone Developer";
				COPY_PHASE_STRIP = YES;
				GCC_C_LANGUAGE_STANDARD = gnu99;
				GCC_VERSION = com.apple.compilers.llvm.clang.1_0;
				GCC_WARN_ABOUT_RETURN_TYPE = YES;
				GCC_WARN_UNINITIALIZED_AUTOS = YES;
				GCC_WARN_UNUSED_VARIABLE = YES;
				IPHONEOS_DEPLOYMENT_TARGET = 5.1;
				OTHER_CFLAGS = "-DNS_BLOCK_ASSERTIONS=1";
				SDKROOT = iphoneos;
				TARGETED_DEVICE_FAMILY = 2;
				VALIDATE_PRODUCT = YES;
			};
			name = Release;
		};
		65A2E5E2160E55B600AED646 /* Debug */ = {
			isa = XCBuildConfiguration;
			buildSettings = {
				GCC_PRECOMPILE_PREFIX_HEADER = YES;
				GCC_PREFIX_HEADER = "PACMachine/PACMachine-Prefix.pch";
				INFOPLIST_FILE = "PACMachine/PACMachine-Info.plist";
				PRODUCT_NAME = "$(TARGET_NAME)";
				WRAPPER_EXTENSION = app;
			};
			name = Debug;
		};
		65A2E5E3160E55B600AED646 /* Release */ = {
			isa = XCBuildConfiguration;
			buildSettings = {
				GCC_PRECOMPILE_PREFIX_HEADER = YES;
				GCC_PREFIX_HEADER = "PACMachine/PACMachine-Prefix.pch";
				INFOPLIST_FILE = "PACMachine/PACMachine-Info.plist";
				PRODUCT_NAME = "$(TARGET_NAME)";
				WRAPPER_EXTENSION = app;
			};
			name = Release;
		};
		65A2E5E5160E55B600AED646 /* Debug */ = {
			isa = XCBuildConfiguration;
			buildSettings = {
				BUNDLE_LOADER = "$(BUILT_PRODUCTS_DIR)/PACMachine.app/PACMachine";
				FRAMEWORK_SEARCH_PATHS = (
					"\"$(SDKROOT)/Developer/Library/Frameworks\"",
					"\"$(DEVELOPER_LIBRARY_DIR)/Frameworks\"",
				);
				GCC_PRECOMPILE_PREFIX_HEADER = YES;
				GCC_PREFIX_HEADER = "PACMachine/PACMachine-Prefix.pch";
				INFOPLIST_FILE = "PACMachineTests/PACMachineTests-Info.plist";
				PRODUCT_NAME = "$(TARGET_NAME)";
				TEST_HOST = "$(BUNDLE_LOADER)";
				WRAPPER_EXTENSION = octest;
			};
			name = Debug;
		};
		65A2E5E6160E55B600AED646 /* Release */ = {
			isa = XCBuildConfiguration;
			buildSettings = {
				BUNDLE_LOADER = "$(BUILT_PRODUCTS_DIR)/PACMachine.app/PACMachine";
				FRAMEWORK_SEARCH_PATHS = (
					"\"$(SDKROOT)/Developer/Library/Frameworks\"",
					"\"$(DEVELOPER_LIBRARY_DIR)/Frameworks\"",
				);
				GCC_PRECOMPILE_PREFIX_HEADER = YES;
				GCC_PREFIX_HEADER = "PACMachine/PACMachine-Prefix.pch";
				INFOPLIST_FILE = "PACMachineTests/PACMachineTests-Info.plist";
				PRODUCT_NAME = "$(TARGET_NAME)";
				TEST_HOST = "$(BUNDLE_LOADER)";
				WRAPPER_EXTENSION = octest;
			};
			name = Release;
		};
/* End XCBuildConfiguration section */

/* Begin XCConfigurationList section */
		65A2E5A8160E55B600AED646 /* Build configuration list for PBXProject "PACMachine" */ = {
			isa = XCConfigurationList;
			buildConfigurations = (
				65A2E5DF160E55B600AED646 /* Debug */,
				65A2E5E0160E55B600AED646 /* Release */,
			);
			defaultConfigurationIsVisible = 0;
			defaultConfigurationName = Release;
		};
		65A2E5E1160E55B600AED646 /* Build configuration list for PBXNativeTarget "PACMachine" */ = {
			isa = XCConfigurationList;
			buildConfigurations = (
				65A2E5E2160E55B600AED646 /* Debug */,
				65A2E5E3160E55B600AED646 /* Release */,
			);
			defaultConfigurationIsVisible = 0;
		};
		65A2E5E4160E55B600AED646 /* Build configuration list for PBXNativeTarget "PACMachineTests" */ = {
			isa = XCConfigurationList;
			buildConfigurations = (
				65A2E5E5160E55B600AED646 /* Debug */,
				65A2E5E6160E55B600AED646 /* Release */,
			);
			defaultConfigurationIsVisible = 0;
		};
/* End XCConfigurationList section */
	};
	rootObject = 65A2E5A5160E55B600AED646 /* Project object */;
}
